# This file was autogenerated by Stack.
# You should not edit this file by hand.
# For more information, please see the documentation at:
#   https://docs.haskellstack.org/en/stable/lock_files

packages:
- completed:
    hackage: delay-0@sha256:7fab2998bbf13bb09a2c0d9719e63417aa61b8a70706f2bc3de4478821485331,1466
    pantry-tree:
      sha256: 14b6dfd690427d70a1e70f8695b3a712c19bea7ed60e6624a3df51123920b6bd
      size: 264
  original:
    hackage: delay-0
- completed:
    hackage: discord-haskell-1.9.1@sha256:8145dcae4db532e2aba049fbdafef08f742c80a15b5c5694f7e6ed3beb452549,3630
    pantry-tree:
      sha256: ec151d009bd24dbcf8fcf0d847963eac8860a0a3914b4f7de44265d9c0c68db6
      size: 2108
  original:
    hackage: discord-haskell-1.9.1
- completed:
    hackage: emoji-0.1.0.2@sha256:d995572a5c7dcd28f98eb15c6e387a7b3bda1ac2477ab0d9dba8580d5d7b161f,1273
    pantry-tree:
      sha256: dd9ea90a631342e5db0fc21331ade4d563a685e9125d5a3989eefa8e1b96c6c6
      size: 437
  original:
    hackage: emoji-0.1.0.2
- completed:
    hackage: normaldistribution-1.1.0.3@sha256:2615b784c4112cbf6ffa0e2b55b76790290a9b9dff18a05d8c89aa374b213477,2160
    pantry-tree:
      sha256: 856818862d12df8b030fa9cfef2c4ffa604d06f0eb057498db245dfffcd60e3c
      size: 269
  original:
    hackage: normaldistribution-1.1.0.3
- completed:
    hackage: palette-0.3.0.2@sha256:af3f7b381906e7c5855e6524d22866bea9e19885a437924af7f19a1bea229c8c,1524
    pantry-tree:
      sha256: 68c227cf3d73ad4f398d7afb94e91fcce7a89a321bea12e494e3b083eedd6f5a
      size: 6342
  original:
    hackage: palette-0.3.0.2
snapshots:
- completed:
    sha256: e66e70a7f998036025e8f40abc89b8eeb79c88f57727020cba1b54f375aa7ca0
    size: 586292
    url: https://raw.githubusercontent.com/commercialhaskell/stackage-snapshots/master/lts/18/17.yaml
  original:
    url: https://raw.githubusercontent.com/commercialhaskell/stackage-snapshots/master/lts/18/17.yaml
